
Microsoft Visual Studio Solution File, Format Version 12.00
# Visual Studio Version 16
VisualStudioVersion = 16.0.31424.327
MinimumVisualStudioVersion = 10.0.40219.1
Project("{9A19103F-16F7-4668-BE54-9A1E7A4F7556}") = "fdvs", "fdvs\fdvs.csproj", "{D0FA327B-C0BA-4B9B-ACBC-483305339CFE}"
EndProject
Project("{9A19103F-16F7-4668-BE54-9A1E7A4F7556}") = "ConsoleLogicTesting", "ConsoleLogicTesting\ConsoleLogicTesting.csproj", "{EA7343FF-C1E8-4E60-9FFC-001A944CA51F}"
EndProject
Global
	GlobalSection(SolutionConfigurationPlatforms) = preSolution
		Debug|Any CPU = Debug|Any CPU
		Release|Any CPU = Release|Any CPU
	EndGlobalSection
	GlobalSection(ProjectConfigurationPlatforms) = postSolution
		{D0FA327B-C0BA-4B9B-ACBC-483305339CFE}.Debug|Any CPU.ActiveCfg = Debug|Any CPU
		{D0FA327B-C0BA-4B9B-ACBC-483305339CFE}.Debug|Any CPU.Build.0 = Debug|Any CPU
		{D0FA327B-C0BA-4B9B-ACBC-483305339CFE}.Release|Any CPU.ActiveCfg = Release|Any CPU
		{D0FA327B-C0BA-4B9B-ACBC-483305339CFE}.Release|Any CPU.Build.0 = Release|Any CPU
		{EA7343FF-C1E8-4E60-9FFC-001A944CA51F}.Debug|Any CPU.ActiveCfg = Debug|Any CPU
		{EA7343FF-C1E8-4E60-9FFC-001A944CA51F}.Debug|Any CPU.Build.0 = Debug|Any CPU
		{EA7343FF-C1E8-4E60-9FFC-001A944CA51F}.Release|Any CPU.ActiveCfg = Release|Any CPU
		{EA7343FF-C1E8-4E60-9FFC-001A944CA51F}.Release|Any CPU.Build.0 = Release|Any CPU
	EndGlobalSection
	GlobalSection(SolutionProperties) = preSolution
		HideSolutionNode = FALSE
	EndGlobalSection
	GlobalSection(ExtensibilityGlobals) = postSolution
		SolutionGuid = {C60FFF1D-52A1-49DB-932D-BEFC2614C688}
	EndGlobalSection
EndGlobal
